// !$*UTF8*$!
{
	archiveVersion = 1;
	classes = {
	};
	objectVersion = 46;
	objects = {

/* Begin PBXBuildFile section */
		CC0086201BAE73C60074A71F /* AppDelegate.swift in Sources */ = {isa = PBXBuildFile; fileRef = CC00861F1BAE73C60074A71F /* AppDelegate.swift */; };
		CC0086221BAE73C60074A71F /* ViewController.swift in Sources */ = {isa = PBXBuildFile; fileRef = CC0086211BAE73C60074A71F /* ViewController.swift */; };
		CC0086251BAE73C60074A71F /* Main.storyboard in Resources */ = {isa = PBXBuildFile; fileRef = CC0086231BAE73C60074A71F /* Main.storyboard */; };
		CC0086271BAE73C60074A71F /* Assets.xcassets in Resources */ = {isa = PBXBuildFile; fileRef = CC0086261BAE73C60074A71F /* Assets.xcassets */; };
		CC00862A1BAE73C60074A71F /* LaunchScreen.storyboard in Resources */ = {isa = PBXBuildFile; fileRef = CC0086281BAE73C60074A71F /* LaunchScreen.storyboard */; };
		CC0086321BAE73DF0074A71F /* Meal.swift in Sources */ = {isa = PBXBuildFile; fileRef = CC0086311BAE73DF0074A71F /* Meal.swift */; settings = {ASSET_TAGS = (); }; };
		CC0086341BAE74AA0074A71F /* MealTableViewCell.swift in Sources */ = {isa = PBXBuildFile; fileRef = CC0086331BAE74AA0074A71F /* MealTableViewCell.swift */; settings = {ASSET_TAGS = (); }; };
		CC0086391BAE754E0074A71F /* meal1.jpg in Resources */ = {isa = PBXBuildFile; fileRef = CC0086351BAE754D0074A71F /* meal1.jpg */; settings = {ASSET_TAGS = (); }; };
		CC00863A1BAE754E0074A71F /* meal2.png in Resources */ = {isa = PBXBuildFile; fileRef = CC0086361BAE754D0074A71F /* meal2.png */; settings = {ASSET_TAGS = (); }; };
		CC00863B1BAE754E0074A71F /* meal3.jpg in Resources */ = {isa = PBXBuildFile; fileRef = CC0086371BAE754E0074A71F /* meal3.jpg */; settings = {ASSET_TAGS = (); }; };
		CC00863C1BAE754E0074A71F /* steak_sandwich.jpg in Resources */ = {isa = PBXBuildFile; fileRef = CC0086381BAE754E0074A71F /* steak_sandwich.jpg */; settings = {ASSET_TAGS = (); }; };
		CC00863E1BAE76700074A71F /* MealTableViewController.swift in Sources */ = {isa = PBXBuildFile; fileRef = CC00863D1BAE76700074A71F /* MealTableViewController.swift */; settings = {ASSET_TAGS = (); }; };
/* End PBXBuildFile section */

/* Begin PBXFileReference section */
		CC00861C1BAE73C60074A71F /* ahead.app */ = {isa = PBXFileReference; explicitFileType = wrapper.application; includeInIndex = 0; path = ahead.app; sourceTree = BUILT_PRODUCTS_DIR; };
		CC00861F1BAE73C60074A71F /* AppDelegate.swift */ = {isa = PBXFileReference; lastKnownFileType = sourcecode.swift; path = AppDelegate.swift; sourceTree = "<group>"; };
		CC0086211BAE73C60074A71F /* ViewController.swift */ = {isa = PBXFileReference; lastKnownFileType = sourcecode.swift; path = ViewController.swift; sourceTree = "<group>"; };
		CC0086241BAE73C60074A71F /* Base */ = {isa = PBXFileReference; lastKnownFileType = file.storyboard; name = Base; path = Base.lproj/Main.storyboard; sourceTree = "<group>"; };
		CC0086261BAE73C60074A71F /* Assets.xcassets */ = {isa = PBXFileReference; lastKnownFileType = folder.assetcatalog; path = Assets.xcassets; sourceTree = "<group>"; };
		CC0086291BAE73C60074A71F /* Base */ = {isa = PBXFileReference; lastKnownFileType = file.storyboard; name = Base; path = Base.lproj/LaunchScreen.storyboard; sourceTree = "<group>"; };
		CC00862B1BAE73C60074A71F /* Info.plist */ = {isa = PBXFileReference; lastKnownFileType = text.plist.xml; path = Info.plist; sourceTree = "<group>"; };
		CC0086311BAE73DF0074A71F /* Meal.swift */ = {isa = PBXFileReference; fileEncoding = 4; lastKnownFileType = sourcecode.swift; name = Meal.swift; path = ../Meal.swift; sourceTree = "<group>"; };
		CC0086331BAE74AA0074A71F /* MealTableViewCell.swift */ = {isa = PBXFileReference; fileEncoding = 4; lastKnownFileType = sourcecode.swift; path = MealTableViewCell.swift; sourceTree = "<group>"; };
		CC0086351BAE754D0074A71F /* meal1.jpg */ = {isa = PBXFileReference; lastKnownFileType = image.jpeg; path = meal1.jpg; sourceTree = "<group>"; };
		CC0086361BAE754D0074A71F /* meal2.png */ = {isa = PBXFileReference; lastKnownFileType = image.png; path = meal2.png; sourceTree = "<group>"; };
		CC0086371BAE754E0074A71F /* meal3.jpg */ = {isa = PBXFileReference; lastKnownFileType = image.jpeg; path = meal3.jpg; sourceTree = "<group>"; };
		CC0086381BAE754E0074A71F /* steak_sandwich.jpg */ = {isa = PBXFileReference; lastKnownFileType = image.jpeg; path = steak_sandwich.jpg; sourceTree = "<group>"; };
		CC00863D1BAE76700074A71F /* MealTableViewController.swift */ = {isa = PBXFileReference; fileEncoding = 4; lastKnownFileType = sourcecode.swift; path = MealTableViewController.swift; sourceTree = "<group>"; };
/* End PBXFileReference section */

/* Begin PBXFrameworksBuildPhase section */
		CC0086191BAE73C60074A71F /* Frameworks */ = {
			isa = PBXFrameworksBuildPhase;
			buildActionMask = 2147483647;
			files = (
			);
			runOnlyForDeploymentPostprocessing = 0;
		};
/* End PBXFrameworksBuildPhase section */

/* Begin PBXGroup section */
		CC0086131BAE73C60074A71F = {
			isa = PBXGroup;
			children = (
				CC00861E1BAE73C60074A71F /* ahead */,
				CC00861D1BAE73C60074A71F /* Products */,
			);
			sourceTree = "<group>";
		};
		CC00861D1BAE73C60074A71F /* Products */ = {
			isa = PBXGroup;
			children = (
				CC00861C1BAE73C60074A71F /* ahead.app */,
			);
			name = Products;
			sourceTree = "<group>";
		};
		CC00861E1BAE73C60074A71F /* ahead */ = {
			isa = PBXGroup;
			children = (
				CC0086311BAE73DF0074A71F /* Meal.swift */,
				CC00861F1BAE73C60074A71F /* AppDelegate.swift */,
				CC0086211BAE73C60074A71F /* ViewController.swift */,
				CC0086231BAE73C60074A71F /* Main.storyboard */,
				CC00863D1BAE76700074A71F /* MealTableViewController.swift */,
				CC0086331BAE74AA0074A71F /* MealTableViewCell.swift */,
				CC0086261BAE73C60074A71F /* Assets.xcassets */,
				CC0086351BAE754D0074A71F /* meal1.jpg */,
				CC0086361BAE754D0074A71F /* meal2.png */,
				CC0086371BAE754E0074A71F /* meal3.jpg */,
				CC0086381BAE754E0074A71F /* steak_sandwich.jpg */,
				CC0086281BAE73C60074A71F /* LaunchScreen.storyboard */,
				CC00862B1BAE73C60074A71F /* Info.plist */,
			);
			path = ahead;
			sourceTree = "<group>";
		};
/* End PBXGroup section */

/* Begin PBXNativeTarget section */
		CC00861B1BAE73C60074A71F /* ahead */ = {
			isa = PBXNativeTarget;
			buildConfigurationList = CC00862E1BAE73C60074A71F /* Build configuration list for PBXNativeTarget "ahead" */;
			buildPhases = (
				CC0086181BAE73C60074A71F /* Sources */,
				CC0086191BAE73C60074A71F /* Frameworks */,
				CC00861A1BAE73C60074A71F /* Resources */,
			);
			buildRules = (
			);
			dependencies = (
			);
			name = ahead;
			productName = ahead;
			productReference = CC00861C1BAE73C60074A71F /* ahead.app */;
			productType = "com.apple.product-type.application";
		};
/* End PBXNativeTarget section */

/* Begin PBXProject section */
		CC0086141BAE73C60074A71F /* Project object */ = {
			isa = PBXProject;
			attributes = {
				LastUpgradeCheck = 0700;
				ORGANIZATIONNAME = syed;
				TargetAttributes = {
					CC00861B1BAE73C60074A71F = {
						CreatedOnToolsVersion = 7.0;
					};
				};
			};
			buildConfigurationList = CC0086171BAE73C60074A71F /* Build configuration list for PBXProject "ahead" */;
			compatibilityVersion = "Xcode 3.2";
			developmentRegion = English;
			hasScannedForEncodings = 0;
			knownRegions = (
				en,
				Base,
			);
			mainGroup = CC0086131BAE73C60074A71F;
			productRefGroup = CC00861D1BAE73C60074A71F /* Products */;
			projectDirPath = "";
			projectRoot = "";
			targets = (
				CC00861B1BAE73C60074A71F /* ahead */,
			);
		};
/* End PBXProject section */

/* Begin PBXResourcesBuildPhase section */
		CC00861A1BAE73C60074A71F /* Resources */ = {
			isa = PBXResourcesBuildPhase;
			buildActionMask = 2147483647;
			files = (
				CC00863B1BAE754E0074A71F /* meal3.jpg in Resources */,
				CC0086391BAE754E0074A71F /* meal1.jpg in Resources */,
				CC00862A1BAE73C60074A71F /* LaunchScreen.storyboard in Resources */,
				CC0086271BAE73C60074A71F /* Assets.xcassets in Resources */,
				CC0086251BAE73C60074A71F /* Main.storyboard in Resources */,
				CC00863A1BAE754E0074A71F /* meal2.png in Resources */,
				CC00863C1BAE754E0074A71F /* steak_sandwich.jpg in Resources */,
			);
			runOnlyForDeploymentPostprocessing = 0;
		};
/* End PBXResourcesBuildPhase section */

/* Begin PBXSourcesBuildPhase section */
		CC0086181BAE73C60074A71F /* Sources */ = {
			isa = PBXSourcesBuildPhase;
			buildActionMask = 2147483647;
			files = (
				CC00863E1BAE76700074A71F /* MealTableViewController.swift in Sources */,
				CC0086341BAE74AA0074A71F /* MealTableViewCell.swift in Sources */,
				CC0086221BAE73C60074A71F /* ViewController.swift in Sources */,
				CC0086321BAE73DF0074A71F /* Meal.swift in Sources */,
				CC0086201BAE73C60074A71F /* AppDelegate.swift in Sources */,
			);
			runOnlyForDeploymentPostprocessing = 0;
		};
/* End PBXSourcesBuildPhase section */

/* Begin PBXVariantGroup section */
		CC0086231BAE73C60074A71F /* Main.storyboard */ = {
			isa = PBXVariantGroup;
			children = (
				CC0086241BAE73C60074A71F /* Base */,
			);
			name = Main.storyboard;
			sourceTree = "<group>";
		};
		CC0086281BAE73C60074A71F /* LaunchScreen.storyboard */ = {
			isa = PBXVariantGroup;
			children = (
				CC0086291BAE73C60074A71F /* Base */,
			);
			name = LaunchScreen.storyboard;
			sourceTree = "<group>";
		};
/* End PBXVariantGroup section */

/* Begin XCBuildConfiguration section */
		CC00862C1BAE73C60074A71F /* Debug */ = {
			isa = XCBuildConfiguration;
			buildSettings = {
				ALWAYS_SEARCH_USER_PATHS = NO;
				CLANG_CXX_LANGUAGE_STANDARD = "gnu++0x";
				CLANG_CXX_LIBRARY = "libc++";
				CLANG_ENABLE_MODULES = YES;
				CLANG_ENABLE_OBJC_ARC = YES;
				CLANG_WARN_BOOL_CONVERSION = YES;
				CLANG_WARN_CONSTANT_CONVERSION = YES;
				CLANG_WARN_DIRECT_OBJC_ISA_USAGE = YES_ERROR;
				CLANG_WARN_EMPTY_BODY = YES;
				CLANG_WARN_ENUM_CONVERSION = YES;
				CLANG_WARN_INT_CONVERSION = YES;
				CLANG_WARN_OBJC_ROOT_CLASS = YES_ERROR;
				CLANG_WARN_UNREACHABLE_CODE = YES;
				CLANG_WARN__DUPLICATE_METHOD_MATCH = YES;
				"CODE_SIGN_IDENTITY[sdk=iphoneos*]" = "iPhone Developer";
				COPY_PHASE_STRIP = NO;
				DEBUG_INFORMATION_FORMAT = dwarf;
				ENABLE_STRICT_OBJC_MSGSEND = YES;
				ENABLE_TESTABILITY = YES;
				GCC_C_LANGUAGE_STANDARD = gnu99;
				GCC_DYNAMIC_NO_PIC = NO;
				GCC_NO_COMMON_BLOCKS = YES;
				GCC_OPTIMIZATION_LEVEL = 0;
				GCC_PREPROCESSOR_DEFINITIONS = (
					"DEBUG=1",
					"$(inherited)",
				);
				GCC_WARN_64_TO_32_BIT_CONVERSION = YES;
				GCC_WARN_ABOUT_RETURN_TYPE = YES_ERROR;
				GCC_WARN_UNDECLARED_SELECTOR = YES;
				GCC_WARN_UNINITIALIZED_AUTOS = YES_AGGRESSIVE;
				GCC_WARN_UNUSED_FUNCTION = YES;
				GCC_WARN_UNUSED_VARIABLE = YES;
				IPHONEOS_DEPLOYMENT_TARGET = 9.0;
				MTL_ENABLE_DEBUG_INFO = YES;
				ONLY_ACTIVE_ARCH = YES;
				SDKROOT = iphoneos;
				SWIFT_OPTIMIZATION_LEVEL = "-Onone";
			};
			name = Debug;
		};
		CC00862D1BAE73C60074A71F /* Release */ = {
			isa = XCBuildConfiguration;
			buildSettings = {
				ALWAYS_SEARCH_USER_PATHS = NO;
				CLANG_CXX_LANGUAGE_STANDARD = "gnu++0x";
				CLANG_CXX_LIBRARY = "libc++";
				CLANG_ENABLE_MODULES = YES;
				CLANG_ENABLE_OBJC_ARC = YES;
				CLANG_WARN_BOOL_CONVERSION = YES;
				CLANG_WARN_CONSTANT_CONVERSION = YES;
				CLANG_WARN_DIRECT_OBJC_ISA_USAGE = YES_ERROR;
				CLANG_WARN_EMPTY_BODY = YES;
				CLANG_WARN_ENUM_CONVERSION = YES;
				CLANG_WARN_INT_CONVERSION = YES;
				CLANG_WARN_OBJC_ROOT_CLASS = YES_ERROR;
				CLANG_WARN_UNREACHABLE_CODE = YES;
				CLANG_WARN__DUPLICATE_METHOD_MATCH = YES;
				"CODE_SIGN_IDENTITY[sdk=iphoneos*]" = "iPhone Developer";
				COPY_PHASE_STRIP = NO;
				DEBUG_INFORMATION_FORMAT = "dwarf-with-dsym";
				ENABLE_NS_ASSERTIONS = NO;
				ENABLE_STRICT_OBJC_MSGSEND = YES;
				GCC_C_LANGUAGE_STANDARD = gnu99;
				GCC_NO_COMMON_BLOCKS = YES;
				GCC_WARN_64_TO_32_BIT_CONVERSION = YES;
				GCC_WARN_ABOUT_RETURN_TYPE = YES_ERROR;
				GCC_WARN_UNDECLARED_SELECTOR = YES;
				GCC_WARN_UNINITIALIZED_AUTOS = YES_AGGRESSIVE;
				GCC_WARN_UNUSED_FUNCTION = YES;
				GCC_WARN_UNUSED_VARIABLE = YES;
				IPHONEOS_DEPLOYMENT_TARGET = 9.0;
				MTL_ENABLE_DEBUG_INFO = NO;
				SDKROOT = iphoneos;
				VALIDATE_PRODUCT = YES;
			};
			name = Release;
		};
		CC00862F1BAE73C60074A71F /* Debug */ = {
			isa = XCBuildConfiguration;
			buildSettings = {
				ASSETCATALOG_COMPILER_APPICON_NAME = AppIcon;
				INFOPLIST_FILE = ahead/Info.plist;
				IPHONEOS_DEPLOYMENT_TARGET = 8.4;
				LD_RUNPATH_SEARCH_PATHS = "$(inherited) @executable_path/Frameworks";
				PRODUCT_BUNDLE_IDENTIFIER = io.ahead;
				PRODUCT_NAME = "$(TARGET_NAME)";
			};
			name = Debug;
		};
		CC0086301BAE73C60074A71F /* Release */ = {
			isa = XCBuildConfiguration;
			buildSettings = {
				ASSETCATALOG_COMPILER_APPICON_NAME = AppIcon;
				INFOPLIST_FILE = ahead/Info.plist;
				IPHONEOS_DEPLOYMENT_TARGET = 8.4;
				LD_RUNPATH_SEARCH_PATHS = "$(inherited) @executable_path/Frameworks";
				PRODUCT_BUNDLE_IDENTIFIER = io.ahead;
				PRODUCT_NAME = "$(TARGET_NAME)";
			};
			name = Release;
		};
/* End XCBuildConfiguration section */

/* Begin XCConfigurationList section */
		CC0086171BAE73C60074A71F /* Build configuration list for PBXProject "ahead" */ = {
			isa = XCConfigurationList;
			buildConfigurations = (
				CC00862C1BAE73C60074A71F /* Debug */,
				CC00862D1BAE73C60074A71F /* Release */,
			);
			defaultConfigurationIsVisible = 0;
			defaultConfigurationName = Release;
		};
		CC00862E1BAE73C60074A71F /* Build configuration list for PBXNativeTarget "ahead" */ = {
			isa = XCConfigurationList;
			buildConfigurations = (
				CC00862F1BAE73C60074A71F /* Debug */,
				CC0086301BAE73C60074A71F /* Release */,
			);
			defaultConfigurationIsVisible = 0;
			defaultConfigurationName = Release;
		};
/* End XCConfigurationList section */
	};
	rootObject = CC0086141BAE73C60074A71F /* Project object */;
}
