// !$*UTF8*$!
{
	archiveVersion = 1;
	classes = {
	};
	objectVersion = 46;
	objects = {

/* Begin PBXBuildFile section */
		CC394D101BAE40BB00657500 /* MealTableViewCell.swift in Sources */ = {isa = PBXBuildFile; fileRef = CC394D0F1BAE40BB00657500 /* MealTableViewCell.swift */; settings = {ASSET_TAGS = (); }; };
		CCD5ABF51BAE329F009EA532 /* AppDelegate.swift in Sources */ = {isa = PBXBuildFile; fileRef = CCD5ABF41BAE329F009EA532 /* AppDelegate.swift */; };
		CCD5ABF71BAE329F009EA532 /* ViewController.swift in Sources */ = {isa = PBXBuildFile; fileRef = CCD5ABF61BAE329F009EA532 /* ViewController.swift */; };
		CCD5ABFA1BAE329F009EA532 /* Main.storyboard in Resources */ = {isa = PBXBuildFile; fileRef = CCD5ABF81BAE329F009EA532 /* Main.storyboard */; };
		CCD5ABFC1BAE329F009EA532 /* Assets.xcassets in Resources */ = {isa = PBXBuildFile; fileRef = CCD5ABFB1BAE329F009EA532 /* Assets.xcassets */; };
		CCD5ABFF1BAE329F009EA532 /* LaunchScreen.storyboard in Resources */ = {isa = PBXBuildFile; fileRef = CCD5ABFD1BAE329F009EA532 /* LaunchScreen.storyboard */; };
/* End PBXBuildFile section */

/* Begin PBXFileReference section */
		CC394D0F1BAE40BB00657500 /* MealTableViewCell.swift */ = {isa = PBXFileReference; fileEncoding = 4; lastKnownFileType = sourcecode.swift; path = MealTableViewCell.swift; sourceTree = "<group>"; };
		CCD5ABF11BAE329F009EA532 /* ahead.app */ = {isa = PBXFileReference; explicitFileType = wrapper.application; includeInIndex = 0; path = ahead.app; sourceTree = BUILT_PRODUCTS_DIR; };
		CCD5ABF41BAE329F009EA532 /* AppDelegate.swift */ = {isa = PBXFileReference; lastKnownFileType = sourcecode.swift; path = AppDelegate.swift; sourceTree = "<group>"; };
		CCD5ABF61BAE329F009EA532 /* ViewController.swift */ = {isa = PBXFileReference; lastKnownFileType = sourcecode.swift; path = ViewController.swift; sourceTree = "<group>"; };
		CCD5ABF91BAE329F009EA532 /* Base */ = {isa = PBXFileReference; lastKnownFileType = file.storyboard; name = Base; path = Base.lproj/Main.storyboard; sourceTree = "<group>"; };
		CCD5ABFB1BAE329F009EA532 /* Assets.xcassets */ = {isa = PBXFileReference; lastKnownFileType = folder.assetcatalog; path = Assets.xcassets; sourceTree = "<group>"; };
		CCD5ABFE1BAE329F009EA532 /* Base */ = {isa = PBXFileReference; lastKnownFileType = file.storyboard; name = Base; path = Base.lproj/LaunchScreen.storyboard; sourceTree = "<group>"; };
		CCD5AC001BAE329F009EA532 /* Info.plist */ = {isa = PBXFileReference; lastKnownFileType = text.plist.xml; path = Info.plist; sourceTree = "<group>"; };
/* End PBXFileReference section */

/* Begin PBXFrameworksBuildPhase section */
		CCD5ABEE1BAE329F009EA532 /* Frameworks */ = {
			isa = PBXFrameworksBuildPhase;
			buildActionMask = 2147483647;
			files = (
			);
			runOnlyForDeploymentPostprocessing = 0;
		};
/* End PBXFrameworksBuildPhase section */

/* Begin PBXGroup section */
		CCD5ABE81BAE329F009EA532 = {
			isa = PBXGroup;
			children = (
				CCD5ABF31BAE329F009EA532 /* ahead */,
				CCD5ABF21BAE329F009EA532 /* Products */,
			);
			sourceTree = "<group>";
		};
		CCD5ABF21BAE329F009EA532 /* Products */ = {
			isa = PBXGroup;
			children = (
				CCD5ABF11BAE329F009EA532 /* ahead.app */,
			);
			name = Products;
			sourceTree = "<group>";
		};
		CCD5ABF31BAE329F009EA532 /* ahead */ = {
			isa = PBXGroup;
			children = (
				CCD5ABF41BAE329F009EA532 /* AppDelegate.swift */,
				CCD5ABF61BAE329F009EA532 /* ViewController.swift */,
				CCD5ABF81BAE329F009EA532 /* Main.storyboard */,
				CC394D0F1BAE40BB00657500 /* MealTableViewCell.swift */,
				CCD5ABFB1BAE329F009EA532 /* Assets.xcassets */,
				CCD5ABFD1BAE329F009EA532 /* LaunchScreen.storyboard */,
				CCD5AC001BAE329F009EA532 /* Info.plist */,
			);
			path = ahead;
			sourceTree = "<group>";
		};
/* End PBXGroup section */

/* Begin PBXNativeTarget section */
		CCD5ABF01BAE329F009EA532 /* ahead */ = {
			isa = PBXNativeTarget;
			buildConfigurationList = CCD5AC031BAE329F009EA532 /* Build configuration list for PBXNativeTarget "ahead" */;
			buildPhases = (
				CCD5ABED1BAE329F009EA532 /* Sources */,
				CCD5ABEE1BAE329F009EA532 /* Frameworks */,
				CCD5ABEF1BAE329F009EA532 /* Resources */,
			);
			buildRules = (
			);
			dependencies = (
			);
			name = ahead;
			productName = ahead;
			productReference = CCD5ABF11BAE329F009EA532 /* ahead.app */;
			productType = "com.apple.product-type.application";
		};
/* End PBXNativeTarget section */

/* Begin PBXProject section */
		CCD5ABE91BAE329F009EA532 /* Project object */ = {
			isa = PBXProject;
			attributes = {
				LastUpgradeCheck = 0700;
				ORGANIZATIONNAME = syed;
				TargetAttributes = {
					CCD5ABF01BAE329F009EA532 = {
						CreatedOnToolsVersion = 7.0;
					};
				};
			};
			buildConfigurationList = CCD5ABEC1BAE329F009EA532 /* Build configuration list for PBXProject "ahead" */;
			compatibilityVersion = "Xcode 3.2";
			developmentRegion = English;
			hasScannedForEncodings = 0;
			knownRegions = (
				en,
				Base,
			);
			mainGroup = CCD5ABE81BAE329F009EA532;
			productRefGroup = CCD5ABF21BAE329F009EA532 /* Products */;
			projectDirPath = "";
			projectRoot = "";
			targets = (
				CCD5ABF01BAE329F009EA532 /* ahead */,
			);
		};
/* End PBXProject section */

/* Begin PBXResourcesBuildPhase section */
		CCD5ABEF1BAE329F009EA532 /* Resources */ = {
			isa = PBXResourcesBuildPhase;
			buildActionMask = 2147483647;
			files = (
				CCD5ABFF1BAE329F009EA532 /* LaunchScreen.storyboard in Resources */,
				CCD5ABFC1BAE329F009EA532 /* Assets.xcassets in Resources */,
				CCD5ABFA1BAE329F009EA532 /* Main.storyboard in Resources */,
			);
			runOnlyForDeploymentPostprocessing = 0;
		};
/* End PBXResourcesBuildPhase section */

/* Begin PBXSourcesBuildPhase section */
		CCD5ABED1BAE329F009EA532 /* Sources */ = {
			isa = PBXSourcesBuildPhase;
			buildActionMask = 2147483647;
			files = (
				CCD5ABF71BAE329F009EA532 /* ViewController.swift in Sources */,
				CCD5ABF51BAE329F009EA532 /* AppDelegate.swift in Sources */,
				CC394D101BAE40BB00657500 /* MealTableViewCell.swift in Sources */,
			);
			runOnlyForDeploymentPostprocessing = 0;
		};
/* End PBXSourcesBuildPhase section */

/* Begin PBXVariantGroup section */
		CCD5ABF81BAE329F009EA532 /* Main.storyboard */ = {
			isa = PBXVariantGroup;
			children = (
				CCD5ABF91BAE329F009EA532 /* Base */,
			);
			name = Main.storyboard;
			sourceTree = "<group>";
		};
		CCD5ABFD1BAE329F009EA532 /* LaunchScreen.storyboard */ = {
			isa = PBXVariantGroup;
			children = (
				CCD5ABFE1BAE329F009EA532 /* Base */,
			);
			name = LaunchScreen.storyboard;
			sourceTree = "<group>";
		};
/* End PBXVariantGroup section */

/* Begin XCBuildConfiguration section */
		CCD5AC011BAE329F009EA532 /* Debug */ = {
			isa = XCBuildConfiguration;
			buildSettings = {
				ALWAYS_SEARCH_USER_PATHS = NO;
				CLANG_CXX_LANGUAGE_STANDARD = "gnu++0x";
				CLANG_CXX_LIBRARY = "libc++";
				CLANG_ENABLE_MODULES = YES;
				CLANG_ENABLE_OBJC_ARC = YES;
				CLANG_WARN_BOOL_CONVERSION = YES;
				CLANG_WARN_CONSTANT_CONVERSION = YES;
				CLANG_WARN_DIRECT_OBJC_ISA_USAGE = YES_ERROR;
				CLANG_WARN_EMPTY_BODY = YES;
				CLANG_WARN_ENUM_CONVERSION = YES;
				CLANG_WARN_INT_CONVERSION = YES;
				CLANG_WARN_OBJC_ROOT_CLASS = YES_ERROR;
				CLANG_WARN_UNREACHABLE_CODE = YES;
				CLANG_WARN__DUPLICATE_METHOD_MATCH = YES;
				"CODE_SIGN_IDENTITY[sdk=iphoneos*]" = "iPhone Developer";
				COPY_PHASE_STRIP = NO;
				DEBUG_INFORMATION_FORMAT = dwarf;
				ENABLE_STRICT_OBJC_MSGSEND = YES;
				ENABLE_TESTABILITY = YES;
				GCC_C_LANGUAGE_STANDARD = gnu99;
				GCC_DYNAMIC_NO_PIC = NO;
				GCC_NO_COMMON_BLOCKS = YES;
				GCC_OPTIMIZATION_LEVEL = 0;
				GCC_PREPROCESSOR_DEFINITIONS = (
					"DEBUG=1",
					"$(inherited)",
				);
				GCC_WARN_64_TO_32_BIT_CONVERSION = YES;
				GCC_WARN_ABOUT_RETURN_TYPE = YES_ERROR;
				GCC_WARN_UNDECLARED_SELECTOR = YES;
				GCC_WARN_UNINITIALIZED_AUTOS = YES_AGGRESSIVE;
				GCC_WARN_UNUSED_FUNCTION = YES;
				GCC_WARN_UNUSED_VARIABLE = YES;
				IPHONEOS_DEPLOYMENT_TARGET = 9.0;
				MTL_ENABLE_DEBUG_INFO = YES;
				ONLY_ACTIVE_ARCH = YES;
				SDKROOT = iphoneos;
				SWIFT_OPTIMIZATION_LEVEL = "-Onone";
				TARGETED_DEVICE_FAMILY = "1,2";
			};
			name = Debug;
		};
		CCD5AC021BAE329F009EA532 /* Release */ = {
			isa = XCBuildConfiguration;
			buildSettings = {
				ALWAYS_SEARCH_USER_PATHS = NO;
				CLANG_CXX_LANGUAGE_STANDARD = "gnu++0x";
				CLANG_CXX_LIBRARY = "libc++";
				CLANG_ENABLE_MODULES = YES;
				CLANG_ENABLE_OBJC_ARC = YES;
				CLANG_WARN_BOOL_CONVERSION = YES;
				CLANG_WARN_CONSTANT_CONVERSION = YES;
				CLANG_WARN_DIRECT_OBJC_ISA_USAGE = YES_ERROR;
				CLANG_WARN_EMPTY_BODY = YES;
				CLANG_WARN_ENUM_CONVERSION = YES;
				CLANG_WARN_INT_CONVERSION = YES;
				CLANG_WARN_OBJC_ROOT_CLASS = YES_ERROR;
				CLANG_WARN_UNREACHABLE_CODE = YES;
				CLANG_WARN__DUPLICATE_METHOD_MATCH = YES;
				"CODE_SIGN_IDENTITY[sdk=iphoneos*]" = "iPhone Developer";
				COPY_PHASE_STRIP = NO;
				DEBUG_INFORMATION_FORMAT = "dwarf-with-dsym";
				ENABLE_NS_ASSERTIONS = NO;
				ENABLE_STRICT_OBJC_MSGSEND = YES;
				GCC_C_LANGUAGE_STANDARD = gnu99;
				GCC_NO_COMMON_BLOCKS = YES;
				GCC_WARN_64_TO_32_BIT_CONVERSION = YES;
				GCC_WARN_ABOUT_RETURN_TYPE = YES_ERROR;
				GCC_WARN_UNDECLARED_SELECTOR = YES;
				GCC_WARN_UNINITIALIZED_AUTOS = YES_AGGRESSIVE;
				GCC_WARN_UNUSED_FUNCTION = YES;
				GCC_WARN_UNUSED_VARIABLE = YES;
				IPHONEOS_DEPLOYMENT_TARGET = 9.0;
				MTL_ENABLE_DEBUG_INFO = NO;
				SDKROOT = iphoneos;
				TARGETED_DEVICE_FAMILY = "1,2";
				VALIDATE_PRODUCT = YES;
			};
			name = Release;
		};
		CCD5AC041BAE329F009EA532 /* Debug */ = {
			isa = XCBuildConfiguration;
			buildSettings = {
				ASSETCATALOG_COMPILER_APPICON_NAME = AppIcon;
				INFOPLIST_FILE = ahead/Info.plist;
				IPHONEOS_DEPLOYMENT_TARGET = 8.2;
				LD_RUNPATH_SEARCH_PATHS = "$(inherited) @executable_path/Frameworks";
				PRODUCT_BUNDLE_IDENTIFIER = io.ahead;
				PRODUCT_NAME = "$(TARGET_NAME)";
			};
			name = Debug;
		};
		CCD5AC051BAE329F009EA532 /* Release */ = {
			isa = XCBuildConfiguration;
			buildSettings = {
				ASSETCATALOG_COMPILER_APPICON_NAME = AppIcon;
				INFOPLIST_FILE = ahead/Info.plist;
				IPHONEOS_DEPLOYMENT_TARGET = 8.2;
				LD_RUNPATH_SEARCH_PATHS = "$(inherited) @executable_path/Frameworks";
				PRODUCT_BUNDLE_IDENTIFIER = io.ahead;
				PRODUCT_NAME = "$(TARGET_NAME)";
			};
			name = Release;
		};
/* End XCBuildConfiguration section */

/* Begin XCConfigurationList section */
		CCD5ABEC1BAE329F009EA532 /* Build configuration list for PBXProject "ahead" */ = {
			isa = XCConfigurationList;
			buildConfigurations = (
				CCD5AC011BAE329F009EA532 /* Debug */,
				CCD5AC021BAE329F009EA532 /* Release */,
			);
			defaultConfigurationIsVisible = 0;
			defaultConfigurationName = Release;
		};
		CCD5AC031BAE329F009EA532 /* Build configuration list for PBXNativeTarget "ahead" */ = {
			isa = XCConfigurationList;
			buildConfigurations = (
				CCD5AC041BAE329F009EA532 /* Debug */,
				CCD5AC051BAE329F009EA532 /* Release */,
			);
			defaultConfigurationIsVisible = 0;
			defaultConfigurationName = Release;
		};
/* End XCConfigurationList section */
	};
	rootObject = CCD5ABE91BAE329F009EA532 /* Project object */;
}
